
Microsoft Visual Studio Solution File, Format Version 12.00
# Visual Studio 15
VisualStudioVersion = 15.0.27703.2035
MinimumVisualStudioVersion = 10.0.40219.1
Project("{FAE04EC0-301F-11D3-BF4B-00C04F79EFBC}") = "example1.Android", "example1\example1.Android\example1.Android.csproj", "{75C39FE5-D428-4D6A-B84D-1AEACEC4FE5F}"
EndProject
Project("{FAE04EC0-301F-11D3-BF4B-00C04F79EFBC}") = "example1.iOS", "example1\example1.iOS\example1.iOS.csproj", "{3AA2C1E4-C193-42CE-B644-3E4B8FB2AF49}"
EndProject
Project("{FAE04EC0-301F-11D3-BF4B-00C04F79EFBC}") = "example1.UWP", "example1\example1.UWP\example1.UWP.csproj", "{D23AFE3B-B5D6-4F2C-B376-D26C3FE85401}"
EndProject
Project("{D954291E-2A0B-460D-934E-DC6B0785DB48}") = "example1", "example1\example1\example1.shproj", "{B59E142F-715C-4175-A41A-8844F49C2D5D}"
EndProject
Global
	GlobalSection(SharedMSBuildProjectFiles) = preSolution
		example1\example1\example1.projitems*{3aa2c1e4-c193-42ce-b644-3e4b8fb2af49}*SharedItemsImports = 4
		example1\example1\example1.projitems*{75c39fe5-d428-4d6a-b84d-1aeacec4fe5f}*SharedItemsImports = 4
		example1\example1\example1.projitems*{b59e142f-715c-4175-a41a-8844f49c2d5d}*SharedItemsImports = 13
		example1\example1\example1.projitems*{d23afe3b-b5d6-4f2c-b376-d26c3fe85401}*SharedItemsImports = 4
	EndGlobalSection
	GlobalSection(SolutionConfigurationPlatforms) = preSolution
		Ad-Hoc|Any CPU = Ad-Hoc|Any CPU
		Ad-Hoc|ARM = Ad-Hoc|ARM
		Ad-Hoc|iPhone = Ad-Hoc|iPhone
		Ad-Hoc|iPhoneSimulator = Ad-Hoc|iPhoneSimulator
		Ad-Hoc|x64 = Ad-Hoc|x64
		Ad-Hoc|x86 = Ad-Hoc|x86
		AppStore|Any CPU = AppStore|Any CPU
		AppStore|ARM = AppStore|ARM
		AppStore|iPhone = AppStore|iPhone
		AppStore|iPhoneSimulator = AppStore|iPhoneSimulator
		AppStore|x64 = AppStore|x64
		AppStore|x86 = AppStore|x86
		Debug|Any CPU = Debug|Any CPU
		Debug|ARM = Debug|ARM
		Debug|iPhone = Debug|iPhone
		Debug|iPhoneSimulator = Debug|iPhoneSimulator
		Debug|x64 = Debug|x64
		Debug|x86 = Debug|x86
		Release|Any CPU = Release|Any CPU
		Release|ARM = Release|ARM
		Release|iPhone = Release|iPhone
		Release|iPhoneSimulator = Release|iPhoneSimulator
		Release|x64 = Release|x64
		Release|x86 = Release|x86
	EndGlobalSection
	GlobalSection(ProjectConfigurationPlatforms) = postSolution
		{75C39FE5-D428-4D6A-B84D-1AEACEC4FE5F}.Ad-Hoc|Any CPU.ActiveCfg = Release|Any CPU
		{75C39FE5-D428-4D6A-B84D-1AEACEC4FE5F}.Ad-Hoc|Any CPU.Build.0 = Release|Any CPU
		{75C39FE5-D428-4D6A-B84D-1AEACEC4FE5F}.Ad-Hoc|Any CPU.Deploy.0 = Release|Any CPU
		{75C39FE5-D428-4D6A-B84D-1AEACEC4FE5F}.Ad-Hoc|ARM.ActiveCfg = Release|Any CPU
		{75C39FE5-D428-4D6A-B84D-1AEACEC4FE5F}.Ad-Hoc|ARM.Build.0 = Release|Any CPU
		{75C39FE5-D428-4D6A-B84D-1AEACEC4FE5F}.Ad-Hoc|ARM.Deploy.0 = Release|Any CPU
		{75C39FE5-D428-4D6A-B84D-1AEACEC4FE5F}.Ad-Hoc|iPhone.ActiveCfg = Release|Any CPU
		{75C39FE5-D428-4D6A-B84D-1AEACEC4FE5F}.Ad-Hoc|iPhone.Build.0 = Release|Any CPU
		{75C39FE5-D428-4D6A-B84D-1AEACEC4FE5F}.Ad-Hoc|iPhone.Deploy.0 = Release|Any CPU
		{75C39FE5-D428-4D6A-B84D-1AEACEC4FE5F}.Ad-Hoc|iPhoneSimulator.ActiveCfg = Release|Any CPU
		{75C39FE5-D428-4D6A-B84D-1AEACEC4FE5F}.Ad-Hoc|iPhoneSimulator.Build.0 = Release|Any CPU
		{75C39FE5-D428-4D6A-B84D-1AEACEC4FE5F}.Ad-Hoc|iPhoneSimulator.Deploy.0 = Release|Any CPU
		{75C39FE5-D428-4D6A-B84D-1AEACEC4FE5F}.Ad-Hoc|x64.ActiveCfg = Release|Any CPU
		{75C39FE5-D428-4D6A-B84D-1AEACEC4FE5F}.Ad-Hoc|x64.Build.0 = Release|Any CPU
		{75C39FE5-D428-4D6A-B84D-1AEACEC4FE5F}.Ad-Hoc|x64.Deploy.0 = Release|Any CPU
		{75C39FE5-D428-4D6A-B84D-1AEACEC4FE5F}.Ad-Hoc|x86.ActiveCfg = Release|Any CPU
		{75C39FE5-D428-4D6A-B84D-1AEACEC4FE5F}.Ad-Hoc|x86.Build.0 = Release|Any CPU
		{75C39FE5-D428-4D6A-B84D-1AEACEC4FE5F}.Ad-Hoc|x86.Deploy.0 = Release|Any CPU
		{75C39FE5-D428-4D6A-B84D-1AEACEC4FE5F}.AppStore|Any CPU.ActiveCfg = Release|Any CPU
		{75C39FE5-D428-4D6A-B84D-1AEACEC4FE5F}.AppStore|Any CPU.Build.0 = Release|Any CPU
		{75C39FE5-D428-4D6A-B84D-1AEACEC4FE5F}.AppStore|Any CPU.Deploy.0 = Release|Any CPU
		{75C39FE5-D428-4D6A-B84D-1AEACEC4FE5F}.AppStore|ARM.ActiveCfg = Release|Any CPU
		{75C39FE5-D428-4D6A-B84D-1AEACEC4FE5F}.AppStore|ARM.Build.0 = Release|Any CPU
		{75C39FE5-D428-4D6A-B84D-1AEACEC4FE5F}.AppStore|ARM.Deploy.0 = Release|Any CPU
		{75C39FE5-D428-4D6A-B84D-1AEACEC4FE5F}.AppStore|iPhone.ActiveCfg = Release|Any CPU
		{75C39FE5-D428-4D6A-B84D-1AEACEC4FE5F}.AppStore|iPhone.Build.0 = Release|Any CPU
		{75C39FE5-D428-4D6A-B84D-1AEACEC4FE5F}.AppStore|iPhone.Deploy.0 = Release|Any CPU
		{75C39FE5-D428-4D6A-B84D-1AEACEC4FE5F}.AppStore|iPhoneSimulator.ActiveCfg = Release|Any CPU
		{75C39FE5-D428-4D6A-B84D-1AEACEC4FE5F}.AppStore|iPhoneSimulator.Build.0 = Release|Any CPU
		{75C39FE5-D428-4D6A-B84D-1AEACEC4FE5F}.AppStore|iPhoneSimulator.Deploy.0 = Release|Any CPU
		{75C39FE5-D428-4D6A-B84D-1AEACEC4FE5F}.AppStore|x64.ActiveCfg = Release|Any CPU
		{75C39FE5-D428-4D6A-B84D-1AEACEC4FE5F}.AppStore|x64.Build.0 = Release|Any CPU
		{75C39FE5-D428-4D6A-B84D-1AEACEC4FE5F}.AppStore|x64.Deploy.0 = Release|Any CPU
		{75C39FE5-D428-4D6A-B84D-1AEACEC4FE5F}.AppStore|x86.ActiveCfg = Release|Any CPU
		{75C39FE5-D428-4D6A-B84D-1AEACEC4FE5F}.AppStore|x86.Build.0 = Release|Any CPU
		{75C39FE5-D428-4D6A-B84D-1AEACEC4FE5F}.AppStore|x86.Deploy.0 = Release|Any CPU
		{75C39FE5-D428-4D6A-B84D-1AEACEC4FE5F}.Debug|Any CPU.ActiveCfg = Debug|Any CPU
		{75C39FE5-D428-4D6A-B84D-1AEACEC4FE5F}.Debug|Any CPU.Build.0 = Debug|Any CPU
		{75C39FE5-D428-4D6A-B84D-1AEACEC4FE5F}.Debug|Any CPU.Deploy.0 = Debug|Any CPU
		{75C39FE5-D428-4D6A-B84D-1AEACEC4FE5F}.Debug|ARM.ActiveCfg = Debug|Any CPU
		{75C39FE5-D428-4D6A-B84D-1AEACEC4FE5F}.Debug|ARM.Build.0 = Debug|Any CPU
		{75C39FE5-D428-4D6A-B84D-1AEACEC4FE5F}.Debug|ARM.Deploy.0 = Debug|Any CPU
		{75C39FE5-D428-4D6A-B84D-1AEACEC4FE5F}.Debug|iPhone.ActiveCfg = Debug|Any CPU
		{75C39FE5-D428-4D6A-B84D-1AEACEC4FE5F}.Debug|iPhone.Build.0 = Debug|Any CPU
		{75C39FE5-D428-4D6A-B84D-1AEACEC4FE5F}.Debug|iPhone.Deploy.0 = Debug|Any CPU
		{75C39FE5-D428-4D6A-B84D-1AEACEC4FE5F}.Debug|iPhoneSimulator.ActiveCfg = Debug|Any CPU
		{75C39FE5-D428-4D6A-B84D-1AEACEC4FE5F}.Debug|iPhoneSimulator.Build.0 = Debug|Any CPU
		{75C39FE5-D428-4D6A-B84D-1AEACEC4FE5F}.Debug|iPhoneSimulator.Deploy.0 = Debug|Any CPU
		{75C39FE5-D428-4D6A-B84D-1AEACEC4FE5F}.Debug|x64.ActiveCfg = Debug|Any CPU
		{75C39FE5-D428-4D6A-B84D-1AEACEC4FE5F}.Debug|x64.Build.0 = Debug|Any CPU
		{75C39FE5-D428-4D6A-B84D-1AEACEC4FE5F}.Debug|x64.Deploy.0 = Debug|Any CPU
		{75C39FE5-D428-4D6A-B84D-1AEACEC4FE5F}.Debug|x86.ActiveCfg = Debug|Any CPU
		{75C39FE5-D428-4D6A-B84D-1AEACEC4FE5F}.Debug|x86.Build.0 = Debug|Any CPU
		{75C39FE5-D428-4D6A-B84D-1AEACEC4FE5F}.Debug|x86.Deploy.0 = Debug|Any CPU
		{75C39FE5-D428-4D6A-B84D-1AEACEC4FE5F}.Release|Any CPU.ActiveCfg = Release|Any CPU
		{75C39FE5-D428-4D6A-B84D-1AEACEC4FE5F}.Release|Any CPU.Build.0 = Release|Any CPU
		{75C39FE5-D428-4D6A-B84D-1AEACEC4FE5F}.Release|Any CPU.Deploy.0 = Release|Any CPU
		{75C39FE5-D428-4D6A-B84D-1AEACEC4FE5F}.Release|ARM.ActiveCfg = Release|Any CPU
		{75C39FE5-D428-4D6A-B84D-1AEACEC4FE5F}.Release|ARM.Build.0 = Release|Any CPU
		{75C39FE5-D428-4D6A-B84D-1AEACEC4FE5F}.Release|ARM.Deploy.0 = Release|Any CPU
		{75C39FE5-D428-4D6A-B84D-1AEACEC4FE5F}.Release|iPhone.ActiveCfg = Release|Any CPU
		{75C39FE5-D428-4D6A-B84D-1AEACEC4FE5F}.Release|iPhone.Build.0 = Release|Any CPU
		{75C39FE5-D428-4D6A-B84D-1AEACEC4FE5F}.Release|iPhone.Deploy.0 = Release|Any CPU
		{75C39FE5-D428-4D6A-B84D-1AEACEC4FE5F}.Release|iPhoneSimulator.ActiveCfg = Release|Any CPU
		{75C39FE5-D428-4D6A-B84D-1AEACEC4FE5F}.Release|iPhoneSimulator.Build.0 = Release|Any CPU
		{75C39FE5-D428-4D6A-B84D-1AEACEC4FE5F}.Release|iPhoneSimulator.Deploy.0 = Release|Any CPU
		{75C39FE5-D428-4D6A-B84D-1AEACEC4FE5F}.Release|x64.ActiveCfg = Release|Any CPU
		{75C39FE5-D428-4D6A-B84D-1AEACEC4FE5F}.Release|x64.Build.0 = Release|Any CPU
		{75C39FE5-D428-4D6A-B84D-1AEACEC4FE5F}.Release|x64.Deploy.0 = Release|Any CPU
		{75C39FE5-D428-4D6A-B84D-1AEACEC4FE5F}.Release|x86.ActiveCfg = Release|Any CPU
		{75C39FE5-D428-4D6A-B84D-1AEACEC4FE5F}.Release|x86.Build.0 = Release|Any CPU
		{75C39FE5-D428-4D6A-B84D-1AEACEC4FE5F}.Release|x86.Deploy.0 = Release|Any CPU
		{3AA2C1E4-C193-42CE-B644-3E4B8FB2AF49}.Ad-Hoc|Any CPU.ActiveCfg = Ad-Hoc|iPhone
		{3AA2C1E4-C193-42CE-B644-3E4B8FB2AF49}.Ad-Hoc|Any CPU.Build.0 = Ad-Hoc|iPhone
		{3AA2C1E4-C193-42CE-B644-3E4B8FB2AF49}.Ad-Hoc|Any CPU.Deploy.0 = Ad-Hoc|iPhone
		{3AA2C1E4-C193-42CE-B644-3E4B8FB2AF49}.Ad-Hoc|ARM.ActiveCfg = Ad-Hoc|iPhone
		{3AA2C1E4-C193-42CE-B644-3E4B8FB2AF49}.Ad-Hoc|ARM.Build.0 = Ad-Hoc|iPhone
		{3AA2C1E4-C193-42CE-B644-3E4B8FB2AF49}.Ad-Hoc|ARM.Deploy.0 = Ad-Hoc|iPhone
		{3AA2C1E4-C193-42CE-B644-3E4B8FB2AF49}.Ad-Hoc|iPhone.ActiveCfg = Ad-Hoc|iPhone
		{3AA2C1E4-C193-42CE-B644-3E4B8FB2AF49}.Ad-Hoc|iPhone.Build.0 = Ad-Hoc|iPhone
		{3AA2C1E4-C193-42CE-B644-3E4B8FB2AF49}.Ad-Hoc|iPhone.Deploy.0 = Ad-Hoc|iPhone
		{3AA2C1E4-C193-42CE-B644-3E4B8FB2AF49}.Ad-Hoc|iPhoneSimulator.ActiveCfg = Ad-Hoc|iPhoneSimulator
		{3AA2C1E4-C193-42CE-B644-3E4B8FB2AF49}.Ad-Hoc|iPhoneSimulator.Build.0 = Ad-Hoc|iPhoneSimulator
		{3AA2C1E4-C193-42CE-B644-3E4B8FB2AF49}.Ad-Hoc|iPhoneSimulator.Deploy.0 = Ad-Hoc|iPhoneSimulator
		{3AA2C1E4-C193-42CE-B644-3E4B8FB2AF49}.Ad-Hoc|x64.ActiveCfg = Ad-Hoc|iPhone
		{3AA2C1E4-C193-42CE-B644-3E4B8FB2AF49}.Ad-Hoc|x64.Build.0 = Ad-Hoc|iPhone
		{3AA2C1E4-C193-42CE-B644-3E4B8FB2AF49}.Ad-Hoc|x64.Deploy.0 = Ad-Hoc|iPhone
		{3AA2C1E4-C193-42CE-B644-3E4B8FB2AF49}.Ad-Hoc|x86.ActiveCfg = Ad-Hoc|iPhone
		{3AA2C1E4-C193-42CE-B644-3E4B8FB2AF49}.Ad-Hoc|x86.Build.0 = Ad-Hoc|iPhone
		{3AA2C1E4-C193-42CE-B644-3E4B8FB2AF49}.Ad-Hoc|x86.Deploy.0 = Ad-Hoc|iPhone
		{3AA2C1E4-C193-42CE-B644-3E4B8FB2AF49}.AppStore|Any CPU.ActiveCfg = AppStore|iPhone
		{3AA2C1E4-C193-42CE-B644-3E4B8FB2AF49}.AppStore|Any CPU.Build.0 = AppStore|iPhone
		{3AA2C1E4-C193-42CE-B644-3E4B8FB2AF49}.AppStore|Any CPU.Deploy.0 = AppStore|iPhone
		{3AA2C1E4-C193-42CE-B644-3E4B8FB2AF49}.AppStore|ARM.ActiveCfg = AppStore|iPhone
		{3AA2C1E4-C193-42CE-B644-3E4B8FB2AF49}.AppStore|ARM.Build.0 = AppStore|iPhone
		{3AA2C1E4-C193-42CE-B644-3E4B8FB2AF49}.AppStore|ARM.Deploy.0 = AppStore|iPhone
		{3AA2C1E4-C193-42CE-B644-3E4B8FB2AF49}.AppStore|iPhone.ActiveCfg = AppStore|iPhone
		{3AA2C1E4-C193-42CE-B644-3E4B8FB2AF49}.AppStore|iPhone.Build.0 = AppStore|iPhone
		{3AA2C1E4-C193-42CE-B644-3E4B8FB2AF49}.AppStore|iPhone.Deploy.0 = AppStore|iPhone
		{3AA2C1E4-C193-42CE-B644-3E4B8FB2AF49}.AppStore|iPhoneSimulator.ActiveCfg = AppStore|iPhoneSimulator
		{3AA2C1E4-C193-42CE-B644-3E4B8FB2AF49}.AppStore|iPhoneSimulator.Build.0 = AppStore|iPhoneSimulator
		{3AA2C1E4-C193-42CE-B644-3E4B8FB2AF49}.AppStore|iPhoneSimulator.Deploy.0 = AppStore|iPhoneSimulator
		{3AA2C1E4-C193-42CE-B644-3E4B8FB2AF49}.AppStore|x64.ActiveCfg = AppStore|iPhone
		{3AA2C1E4-C193-42CE-B644-3E4B8FB2AF49}.AppStore|x64.Build.0 = AppStore|iPhone
		{3AA2C1E4-C193-42CE-B644-3E4B8FB2AF49}.AppStore|x64.Deploy.0 = AppStore|iPhone
		{3AA2C1E4-C193-42CE-B644-3E4B8FB2AF49}.AppStore|x86.ActiveCfg = AppStore|iPhone
		{3AA2C1E4-C193-42CE-B644-3E4B8FB2AF49}.AppStore|x86.Build.0 = AppStore|iPhone
		{3AA2C1E4-C193-42CE-B644-3E4B8FB2AF49}.AppStore|x86.Deploy.0 = AppStore|iPhone
		{3AA2C1E4-C193-42CE-B644-3E4B8FB2AF49}.Debug|Any CPU.ActiveCfg = Debug|iPhoneSimulator
		{3AA2C1E4-C193-42CE-B644-3E4B8FB2AF49}.Debug|Any CPU.Build.0 = Debug|iPhoneSimulator
		{3AA2C1E4-C193-42CE-B644-3E4B8FB2AF49}.Debug|Any CPU.Deploy.0 = Debug|iPhoneSimulator
		{3AA2C1E4-C193-42CE-B644-3E4B8FB2AF49}.Debug|ARM.ActiveCfg = Debug|iPhone
		{3AA2C1E4-C193-42CE-B644-3E4B8FB2AF49}.Debug|ARM.Build.0 = Debug|iPhone
		{3AA2C1E4-C193-42CE-B644-3E4B8FB2AF49}.Debug|ARM.Deploy.0 = Debug|iPhone
		{3AA2C1E4-C193-42CE-B644-3E4B8FB2AF49}.Debug|iPhone.ActiveCfg = Debug|iPhone
		{3AA2C1E4-C193-42CE-B644-3E4B8FB2AF49}.Debug|iPhone.Build.0 = Debug|iPhone
		{3AA2C1E4-C193-42CE-B644-3E4B8FB2AF49}.Debug|iPhone.Deploy.0 = Debug|iPhone
		{3AA2C1E4-C193-42CE-B644-3E4B8FB2AF49}.Debug|iPhoneSimulator.ActiveCfg = Debug|iPhoneSimulator
		{3AA2C1E4-C193-42CE-B644-3E4B8FB2AF49}.Debug|iPhoneSimulator.Build.0 = Debug|iPhoneSimulator
		{3AA2C1E4-C193-42CE-B644-3E4B8FB2AF49}.Debug|iPhoneSimulator.Deploy.0 = Debug|iPhoneSimulator
		{3AA2C1E4-C193-42CE-B644-3E4B8FB2AF49}.Debug|x64.ActiveCfg = Debug|iPhone
		{3AA2C1E4-C193-42CE-B644-3E4B8FB2AF49}.Debug|x64.Build.0 = Debug|iPhone
		{3AA2C1E4-C193-42CE-B644-3E4B8FB2AF49}.Debug|x64.Deploy.0 = Debug|iPhone
		{3AA2C1E4-C193-42CE-B644-3E4B8FB2AF49}.Debug|x86.ActiveCfg = Debug|iPhone
		{3AA2C1E4-C193-42CE-B644-3E4B8FB2AF49}.Debug|x86.Build.0 = Debug|iPhone
		{3AA2C1E4-C193-42CE-B644-3E4B8FB2AF49}.Debug|x86.Deploy.0 = Debug|iPhone
		{3AA2C1E4-C193-42CE-B644-3E4B8FB2AF49}.Release|Any CPU.ActiveCfg = Release|iPhone
		{3AA2C1E4-C193-42CE-B644-3E4B8FB2AF49}.Release|Any CPU.Build.0 = Release|iPhone
		{3AA2C1E4-C193-42CE-B644-3E4B8FB2AF49}.Release|Any CPU.Deploy.0 = Release|iPhone
		{3AA2C1E4-C193-42CE-B644-3E4B8FB2AF49}.Release|ARM.ActiveCfg = Release|iPhone
		{3AA2C1E4-C193-42CE-B644-3E4B8FB2AF49}.Release|ARM.Build.0 = Release|iPhone
		{3AA2C1E4-C193-42CE-B644-3E4B8FB2AF49}.Release|ARM.Deploy.0 = Release|iPhone
		{3AA2C1E4-C193-42CE-B644-3E4B8FB2AF49}.Release|iPhone.ActiveCfg = Release|iPhone
		{3AA2C1E4-C193-42CE-B644-3E4B8FB2AF49}.Release|iPhone.Build.0 = Release|iPhone
		{3AA2C1E4-C193-42CE-B644-3E4B8FB2AF49}.Release|iPhone.Deploy.0 = Release|iPhone
		{3AA2C1E4-C193-42CE-B644-3E4B8FB2AF49}.Release|iPhoneSimulator.ActiveCfg = Release|iPhoneSimulator
		{3AA2C1E4-C193-42CE-B644-3E4B8FB2AF49}.Release|iPhoneSimulator.Build.0 = Release|iPhoneSimulator
		{3AA2C1E4-C193-42CE-B644-3E4B8FB2AF49}.Release|iPhoneSimulator.Deploy.0 = Release|iPhoneSimulator
		{3AA2C1E4-C193-42CE-B644-3E4B8FB2AF49}.Release|x64.ActiveCfg = Release|iPhone
		{3AA2C1E4-C193-42CE-B644-3E4B8FB2AF49}.Release|x64.Build.0 = Release|iPhone
		{3AA2C1E4-C193-42CE-B644-3E4B8FB2AF49}.Release|x64.Deploy.0 = Release|iPhone
		{3AA2C1E4-C193-42CE-B644-3E4B8FB2AF49}.Release|x86.ActiveCfg = Release|iPhone
		{3AA2C1E4-C193-42CE-B644-3E4B8FB2AF49}.Release|x86.Build.0 = Release|iPhone
		{3AA2C1E4-C193-42CE-B644-3E4B8FB2AF49}.Release|x86.Deploy.0 = Release|iPhone
		{D23AFE3B-B5D6-4F2C-B376-D26C3FE85401}.Ad-Hoc|Any CPU.ActiveCfg = Release|x86
		{D23AFE3B-B5D6-4F2C-B376-D26C3FE85401}.Ad-Hoc|Any CPU.Build.0 = Release|x86
		{D23AFE3B-B5D6-4F2C-B376-D26C3FE85401}.Ad-Hoc|Any CPU.Deploy.0 = Release|x86
		{D23AFE3B-B5D6-4F2C-B376-D26C3FE85401}.Ad-Hoc|ARM.ActiveCfg = Release|ARM
		{D23AFE3B-B5D6-4F2C-B376-D26C3FE85401}.Ad-Hoc|ARM.Build.0 = Release|ARM
		{D23AFE3B-B5D6-4F2C-B376-D26C3FE85401}.Ad-Hoc|ARM.Deploy.0 = Release|ARM
		{D23AFE3B-B5D6-4F2C-B376-D26C3FE85401}.Ad-Hoc|iPhone.ActiveCfg = Release|x86
		{D23AFE3B-B5D6-4F2C-B376-D26C3FE85401}.Ad-Hoc|iPhone.Build.0 = Release|x86
		{D23AFE3B-B5D6-4F2C-B376-D26C3FE85401}.Ad-Hoc|iPhone.Deploy.0 = Release|x86
		{D23AFE3B-B5D6-4F2C-B376-D26C3FE85401}.Ad-Hoc|iPhoneSimulator.ActiveCfg = Release|x86
		{D23AFE3B-B5D6-4F2C-B376-D26C3FE85401}.Ad-Hoc|iPhoneSimulator.Build.0 = Release|x86
		{D23AFE3B-B5D6-4F2C-B376-D26C3FE85401}.Ad-Hoc|iPhoneSimulator.Deploy.0 = Release|x86
		{D23AFE3B-B5D6-4F2C-B376-D26C3FE85401}.Ad-Hoc|x64.ActiveCfg = Release|x64
		{D23AFE3B-B5D6-4F2C-B376-D26C3FE85401}.Ad-Hoc|x64.Build.0 = Release|x64
		{D23AFE3B-B5D6-4F2C-B376-D26C3FE85401}.Ad-Hoc|x64.Deploy.0 = Release|x64
		{D23AFE3B-B5D6-4F2C-B376-D26C3FE85401}.Ad-Hoc|x86.ActiveCfg = Release|x86
		{D23AFE3B-B5D6-4F2C-B376-D26C3FE85401}.Ad-Hoc|x86.Build.0 = Release|x86
		{D23AFE3B-B5D6-4F2C-B376-D26C3FE85401}.Ad-Hoc|x86.Deploy.0 = Release|x86
		{D23AFE3B-B5D6-4F2C-B376-D26C3FE85401}.AppStore|Any CPU.ActiveCfg = Release|x86
		{D23AFE3B-B5D6-4F2C-B376-D26C3FE85401}.AppStore|Any CPU.Build.0 = Release|x86
		{D23AFE3B-B5D6-4F2C-B376-D26C3FE85401}.AppStore|Any CPU.Deploy.0 = Release|x86
		{D23AFE3B-B5D6-4F2C-B376-D26C3FE85401}.AppStore|ARM.ActiveCfg = Release|ARM
		{D23AFE3B-B5D6-4F2C-B376-D26C3FE85401}.AppStore|ARM.Build.0 = Release|ARM
		{D23AFE3B-B5D6-4F2C-B376-D26C3FE85401}.AppStore|ARM.Deploy.0 = Release|ARM
		{D23AFE3B-B5D6-4F2C-B376-D26C3FE85401}.AppStore|iPhone.ActiveCfg = Release|x86
		{D23AFE3B-B5D6-4F2C-B376-D26C3FE85401}.AppStore|iPhone.Build.0 = Release|x86
		{D23AFE3B-B5D6-4F2C-B376-D26C3FE85401}.AppStore|iPhone.Deploy.0 = Release|x86
		{D23AFE3B-B5D6-4F2C-B376-D26C3FE85401}.AppStore|iPhoneSimulator.ActiveCfg = Release|x86
		{D23AFE3B-B5D6-4F2C-B376-D26C3FE85401}.AppStore|iPhoneSimulator.Build.0 = Release|x86
		{D23AFE3B-B5D6-4F2C-B376-D26C3FE85401}.AppStore|iPhoneSimulator.Deploy.0 = Release|x86
		{D23AFE3B-B5D6-4F2C-B376-D26C3FE85401}.AppStore|x64.ActiveCfg = Release|x64
		{D23AFE3B-B5D6-4F2C-B376-D26C3FE85401}.AppStore|x64.Build.0 = Release|x64
		{D23AFE3B-B5D6-4F2C-B376-D26C3FE85401}.AppStore|x64.Deploy.0 = Release|x64
		{D23AFE3B-B5D6-4F2C-B376-D26C3FE85401}.AppStore|x86.ActiveCfg = Release|x86
		{D23AFE3B-B5D6-4F2C-B376-D26C3FE85401}.AppStore|x86.Build.0 = Release|x86
		{D23AFE3B-B5D6-4F2C-B376-D26C3FE85401}.AppStore|x86.Deploy.0 = Release|x86
		{D23AFE3B-B5D6-4F2C-B376-D26C3FE85401}.Debug|Any CPU.ActiveCfg = Debug|x86
		{D23AFE3B-B5D6-4F2C-B376-D26C3FE85401}.Debug|Any CPU.Build.0 = Debug|x86
		{D23AFE3B-B5D6-4F2C-B376-D26C3FE85401}.Debug|Any CPU.Deploy.0 = Debug|x86
		{D23AFE3B-B5D6-4F2C-B376-D26C3FE85401}.Debug|ARM.ActiveCfg = Debug|ARM
		{D23AFE3B-B5D6-4F2C-B376-D26C3FE85401}.Debug|ARM.Build.0 = Debug|ARM
		{D23AFE3B-B5D6-4F2C-B376-D26C3FE85401}.Debug|ARM.Deploy.0 = Debug|ARM
		{D23AFE3B-B5D6-4F2C-B376-D26C3FE85401}.Debug|iPhone.ActiveCfg = Debug|x86
		{D23AFE3B-B5D6-4F2C-B376-D26C3FE85401}.Debug|iPhone.Build.0 = Debug|x86
		{D23AFE3B-B5D6-4F2C-B376-D26C3FE85401}.Debug|iPhone.Deploy.0 = Debug|x86
		{D23AFE3B-B5D6-4F2C-B376-D26C3FE85401}.Debug|iPhoneSimulator.ActiveCfg = Debug|x86
		{D23AFE3B-B5D6-4F2C-B376-D26C3FE85401}.Debug|iPhoneSimulator.Build.0 = Debug|x86
		{D23AFE3B-B5D6-4F2C-B376-D26C3FE85401}.Debug|iPhoneSimulator.Deploy.0 = Debug|x86
		{D23AFE3B-B5D6-4F2C-B376-D26C3FE85401}.Debug|x64.ActiveCfg = Debug|x64
		{D23AFE3B-B5D6-4F2C-B376-D26C3FE85401}.Debug|x64.Build.0 = Debug|x64
		{D23AFE3B-B5D6-4F2C-B376-D26C3FE85401}.Debug|x64.Deploy.0 = Debug|x64
		{D23AFE3B-B5D6-4F2C-B376-D26C3FE85401}.Debug|x86.ActiveCfg = Debug|x86
		{D23AFE3B-B5D6-4F2C-B376-D26C3FE85401}.Debug|x86.Build.0 = Debug|x86
		{D23AFE3B-B5D6-4F2C-B376-D26C3FE85401}.Debug|x86.Deploy.0 = Debug|x86
		{D23AFE3B-B5D6-4F2C-B376-D26C3FE85401}.Release|Any CPU.ActiveCfg = Release|x86
		{D23AFE3B-B5D6-4F2C-B376-D26C3FE85401}.Release|Any CPU.Build.0 = Release|x86
		{D23AFE3B-B5D6-4F2C-B376-D26C3FE85401}.Release|Any CPU.Deploy.0 = Release|x86
		{D23AFE3B-B5D6-4F2C-B376-D26C3FE85401}.Release|ARM.ActiveCfg = Release|ARM
		{D23AFE3B-B5D6-4F2C-B376-D26C3FE85401}.Release|ARM.Build.0 = Release|ARM
		{D23AFE3B-B5D6-4F2C-B376-D26C3FE85401}.Release|ARM.Deploy.0 = Release|ARM
		{D23AFE3B-B5D6-4F2C-B376-D26C3FE85401}.Release|iPhone.ActiveCfg = Release|x86
		{D23AFE3B-B5D6-4F2C-B376-D26C3FE85401}.Release|iPhone.Build.0 = Release|x86
		{D23AFE3B-B5D6-4F2C-B376-D26C3FE85401}.Release|iPhone.Deploy.0 = Release|x86
		{D23AFE3B-B5D6-4F2C-B376-D26C3FE85401}.Release|iPhoneSimulator.ActiveCfg = Release|x86
		{D23AFE3B-B5D6-4F2C-B376-D26C3FE85401}.Release|iPhoneSimulator.Build.0 = Release|x86
		{D23AFE3B-B5D6-4F2C-B376-D26C3FE85401}.Release|iPhoneSimulator.Deploy.0 = Release|x86
		{D23AFE3B-B5D6-4F2C-B376-D26C3FE85401}.Release|x64.ActiveCfg = Release|x64
		{D23AFE3B-B5D6-4F2C-B376-D26C3FE85401}.Release|x64.Build.0 = Release|x64
		{D23AFE3B-B5D6-4F2C-B376-D26C3FE85401}.Release|x64.Deploy.0 = Release|x64
		{D23AFE3B-B5D6-4F2C-B376-D26C3FE85401}.Release|x86.ActiveCfg = Release|x86
		{D23AFE3B-B5D6-4F2C-B376-D26C3FE85401}.Release|x86.Build.0 = Release|x86
		{D23AFE3B-B5D6-4F2C-B376-D26C3FE85401}.Release|x86.Deploy.0 = Release|x86
	EndGlobalSection
	GlobalSection(SolutionProperties) = preSolution
		HideSolutionNode = FALSE
	EndGlobalSection
	GlobalSection(ExtensibilityGlobals) = postSolution
		SolutionGuid = {0BCD72E9-4B09-4C32-A10C-A13BD5F1B7D3}
	EndGlobalSection
EndGlobal
